
Microsoft Visual Studio Solution File, Format Version 12.00
# Visual Studio Version 17
VisualStudioVersion = 17.9.34622.214
MinimumVisualStudioVersion = 10.0.40219.1
Project("{9A19103F-16F7-4668-BE54-9A1E7A4F7556}") = "GitHub Helper", "GitHub Helper\GitHub Helper.csproj", "{5779E45D-3C92-44CD-8696-1327EABE2578}"
EndProject
Project("{FAE04EC0-301F-11D3-BF4B-00C04F79EFBC}") = "GitHubHelper.Tests", "GitHubHelper.Tests\GitHubHelper.Tests.csproj", "{77FCEB4C-E6E6-4E8D-929E-F6FC0A264DF7}"
EndProject
Global
	GlobalSection(SolutionConfigurationPlatforms) = preSolution
		Debug|Any CPU = Debug|Any CPU
		Release|Any CPU = Release|Any CPU
	EndGlobalSection
	GlobalSection(ProjectConfigurationPlatforms) = postSolution
		{5779E45D-3C92-44CD-8696-1327EABE2578}.Debug|Any CPU.ActiveCfg = Debug|Any CPU
		{5779E45D-3C92-44CD-8696-1327EABE2578}.Debug|Any CPU.Build.0 = Debug|Any CPU
		{5779E45D-3C92-44CD-8696-1327EABE2578}.Release|Any CPU.ActiveCfg = Release|Any CPU
		{5779E45D-3C92-44CD-8696-1327EABE2578}.Release|Any CPU.Build.0 = Release|Any CPU
		{77FCEB4C-E6E6-4E8D-929E-F6FC0A264DF7}.Debug|Any CPU.ActiveCfg = Debug|Any CPU
		{77FCEB4C-E6E6-4E8D-929E-F6FC0A264DF7}.Debug|Any CPU.Build.0 = Debug|Any CPU
		{77FCEB4C-E6E6-4E8D-929E-F6FC0A264DF7}.Release|Any CPU.ActiveCfg = Release|Any CPU
		{77FCEB4C-E6E6-4E8D-929E-F6FC0A264DF7}.Release|Any CPU.Build.0 = Release|Any CPU
	EndGlobalSection
	GlobalSection(SolutionProperties) = preSolution
		HideSolutionNode = FALSE
	EndGlobalSection
	GlobalSection(ExtensibilityGlobals) = postSolution
		SolutionGuid = {52E60207-3EA0-4C0F-84B9-E2B3D30BD2BF}
	EndGlobalSection
EndGlobal
